
Microsoft Visual Studio Solution File, Format Version 12.00
# Visual Studio Version 17
VisualStudioVersion = 17.10.34928.147
MinimumVisualStudioVersion = 10.0.40219.1
Project("{9A19103F-16F7-4668-BE54-9A1E7A4F7556}") = "Dexterity", "Dexterity\Dexterity.csproj", "{97D9DF0E-2E64-4434-87F0-5E6E8CB1B7EC}"
EndProject
Project("{9A19103F-16F7-4668-BE54-9A1E7A4F7556}") = "Domain", "Domain\Domain.csproj", "{553692BB-3C19-4BA9-89AA-8E550EDA8DBD}"
EndProject
Project("{9A19103F-16F7-4668-BE54-9A1E7A4F7556}") = "Database", "Database\Database.csproj", "{2AE053E8-75E1-4778-8802-036617C8C64A}"
EndProject
Project("{9A19103F-16F7-4668-BE54-9A1E7A4F7556}") = "Shared", "Shared\Shared.csproj", "{22B4A2F8-C2C6-4F1D-BCD9-713FCDE0BA02}"
EndProject
Project("{9A19103F-16F7-4668-BE54-9A1E7A4F7556}") = "Services", "Services\Services.csproj", "{8A956DE2-6D7B-413C-9864-F75AD9819E54}"
EndProject
Project("{2150E333-8FDC-42A3-9474-1A3956D46DE8}") = "External Apis", "External Apis", "{946C4E61-473A-429D-8B15-9A88F52774C7}"
EndProject
Project("{9A19103F-16F7-4668-BE54-9A1E7A4F7556}") = "DailyCo", "DailyCo\DailyCo.csproj", "{61A90B10-7B58-4CA3-8E20-89946A005868}"
EndProject
Project("{9A19103F-16F7-4668-BE54-9A1E7A4F7556}") = "ClickATell", "ClickATell\ClickATell.csproj", "{D0FF7263-110E-4B17-930C-056269C752C0}"
EndProject
Project("{FAE04EC0-301F-11D3-BF4B-00C04F79EFBC}") = "SignalRServer", "SignalRServer\SignalRServer.csproj", "{E0257D3C-7473-459C-92E9-9296FE4CC0C9}"
EndProject
Global
	GlobalSection(SolutionConfigurationPlatforms) = preSolution
		Debug|Any CPU = Debug|Any CPU
		Debug|x64 = Debug|x64
		Debug|x86 = Debug|x86
		Release|Any CPU = Release|Any CPU
		Release|x64 = Release|x64
		Release|x86 = Release|x86
	EndGlobalSection
	GlobalSection(ProjectConfigurationPlatforms) = postSolution
		{97D9DF0E-2E64-4434-87F0-5E6E8CB1B7EC}.Debug|Any CPU.ActiveCfg = Debug|x64
		{97D9DF0E-2E64-4434-87F0-5E6E8CB1B7EC}.Debug|Any CPU.Build.0 = Debug|x64
		{97D9DF0E-2E64-4434-87F0-5E6E8CB1B7EC}.Debug|Any CPU.Deploy.0 = Debug|x64
		{97D9DF0E-2E64-4434-87F0-5E6E8CB1B7EC}.Debug|x64.ActiveCfg = Debug|x64
		{97D9DF0E-2E64-4434-87F0-5E6E8CB1B7EC}.Debug|x64.Build.0 = Debug|x64
		{97D9DF0E-2E64-4434-87F0-5E6E8CB1B7EC}.Debug|x64.Deploy.0 = Debug|x64
		{97D9DF0E-2E64-4434-87F0-5E6E8CB1B7EC}.Debug|x86.ActiveCfg = Debug|Any CPU
		{97D9DF0E-2E64-4434-87F0-5E6E8CB1B7EC}.Release|Any CPU.ActiveCfg = Release|Any CPU
		{97D9DF0E-2E64-4434-87F0-5E6E8CB1B7EC}.Release|Any CPU.Build.0 = Release|Any CPU
		{97D9DF0E-2E64-4434-87F0-5E6E8CB1B7EC}.Release|Any CPU.Deploy.0 = Release|Any CPU
		{97D9DF0E-2E64-4434-87F0-5E6E8CB1B7EC}.Release|x64.ActiveCfg = Release|x64
		{97D9DF0E-2E64-4434-87F0-5E6E8CB1B7EC}.Release|x64.Build.0 = Release|x64
		{97D9DF0E-2E64-4434-87F0-5E6E8CB1B7EC}.Release|x64.Deploy.0 = Release|x64
		{97D9DF0E-2E64-4434-87F0-5E6E8CB1B7EC}.Release|x86.ActiveCfg = Release|Any CPU
		{553692BB-3C19-4BA9-89AA-8E550EDA8DBD}.Debug|Any CPU.ActiveCfg = Debug|Any CPU
		{553692BB-3C19-4BA9-89AA-8E550EDA8DBD}.Debug|Any CPU.Build.0 = Debug|Any CPU
		{553692BB-3C19-4BA9-89AA-8E550EDA8DBD}.Debug|x64.ActiveCfg = Debug|Any CPU
		{553692BB-3C19-4BA9-89AA-8E550EDA8DBD}.Debug|x64.Build.0 = Debug|Any CPU
		{553692BB-3C19-4BA9-89AA-8E550EDA8DBD}.Debug|x86.ActiveCfg = Debug|Any CPU
		{553692BB-3C19-4BA9-89AA-8E550EDA8DBD}.Debug|x86.Build.0 = Debug|Any CPU
		{553692BB-3C19-4BA9-89AA-8E550EDA8DBD}.Release|Any CPU.ActiveCfg = Release|Any CPU
		{553692BB-3C19-4BA9-89AA-8E550EDA8DBD}.Release|Any CPU.Build.0 = Release|Any CPU
		{553692BB-3C19-4BA9-89AA-8E550EDA8DBD}.Release|x64.ActiveCfg = Release|Any CPU
		{553692BB-3C19-4BA9-89AA-8E550EDA8DBD}.Release|x64.Build.0 = Release|Any CPU
		{553692BB-3C19-4BA9-89AA-8E550EDA8DBD}.Release|x86.ActiveCfg = Release|Any CPU
		{553692BB-3C19-4BA9-89AA-8E550EDA8DBD}.Release|x86.Build.0 = Release|Any CPU
		{2AE053E8-75E1-4778-8802-036617C8C64A}.Debug|Any CPU.ActiveCfg = Debug|Any CPU
		{2AE053E8-75E1-4778-8802-036617C8C64A}.Debug|Any CPU.Build.0 = Debug|Any CPU
		{2AE053E8-75E1-4778-8802-036617C8C64A}.Debug|x64.ActiveCfg = Debug|Any CPU
		{2AE053E8-75E1-4778-8802-036617C8C64A}.Debug|x64.Build.0 = Debug|Any CPU
		{2AE053E8-75E1-4778-8802-036617C8C64A}.Debug|x86.ActiveCfg = Debug|Any CPU
		{2AE053E8-75E1-4778-8802-036617C8C64A}.Debug|x86.Build.0 = Debug|Any CPU
		{2AE053E8-75E1-4778-8802-036617C8C64A}.Release|Any CPU.ActiveCfg = Release|Any CPU
		{2AE053E8-75E1-4778-8802-036617C8C64A}.Release|Any CPU.Build.0 = Release|Any CPU
		{2AE053E8-75E1-4778-8802-036617C8C64A}.Release|x64.ActiveCfg = Release|Any CPU
		{2AE053E8-75E1-4778-8802-036617C8C64A}.Release|x64.Build.0 = Release|Any CPU
		{2AE053E8-75E1-4778-8802-036617C8C64A}.Release|x86.ActiveCfg = Release|Any CPU
		{2AE053E8-75E1-4778-8802-036617C8C64A}.Release|x86.Build.0 = Release|Any CPU
		{22B4A2F8-C2C6-4F1D-BCD9-713FCDE0BA02}.Debug|Any CPU.ActiveCfg = Debug|Any CPU
		{22B4A2F8-C2C6-4F1D-BCD9-713FCDE0BA02}.Debug|Any CPU.Build.0 = Debug|Any CPU
		{22B4A2F8-C2C6-4F1D-BCD9-713FCDE0BA02}.Debug|x64.ActiveCfg = Debug|Any CPU
		{22B4A2F8-C2C6-4F1D-BCD9-713FCDE0BA02}.Debug|x64.Build.0 = Debug|Any CPU
		{22B4A2F8-C2C6-4F1D-BCD9-713FCDE0BA02}.Debug|x86.ActiveCfg = Debug|Any CPU
		{22B4A2F8-C2C6-4F1D-BCD9-713FCDE0BA02}.Debug|x86.Build.0 = Debug|Any CPU
		{22B4A2F8-C2C6-4F1D-BCD9-713FCDE0BA02}.Release|Any CPU.ActiveCfg = Release|Any CPU
		{22B4A2F8-C2C6-4F1D-BCD9-713FCDE0BA02}.Release|Any CPU.Build.0 = Release|Any CPU
		{22B4A2F8-C2C6-4F1D-BCD9-713FCDE0BA02}.Release|x64.ActiveCfg = Release|Any CPU
		{22B4A2F8-C2C6-4F1D-BCD9-713FCDE0BA02}.Release|x64.Build.0 = Release|Any CPU
		{22B4A2F8-C2C6-4F1D-BCD9-713FCDE0BA02}.Release|x86.ActiveCfg = Release|Any CPU
		{22B4A2F8-C2C6-4F1D-BCD9-713FCDE0BA02}.Release|x86.Build.0 = Release|Any CPU
		{8A956DE2-6D7B-413C-9864-F75AD9819E54}.Debug|Any CPU.ActiveCfg = Debug|Any CPU
		{8A956DE2-6D7B-413C-9864-F75AD9819E54}.Debug|Any CPU.Build.0 = Debug|Any CPU
		{8A956DE2-6D7B-413C-9864-F75AD9819E54}.Debug|x64.ActiveCfg = Debug|Any CPU
		{8A956DE2-6D7B-413C-9864-F75AD9819E54}.Debug|x64.Build.0 = Debug|Any CPU
		{8A956DE2-6D7B-413C-9864-F75AD9819E54}.Debug|x86.ActiveCfg = Debug|Any CPU
		{8A956DE2-6D7B-413C-9864-F75AD9819E54}.Debug|x86.Build.0 = Debug|Any CPU
		{8A956DE2-6D7B-413C-9864-F75AD9819E54}.Release|Any CPU.ActiveCfg = Release|Any CPU
		{8A956DE2-6D7B-413C-9864-F75AD9819E54}.Release|Any CPU.Build.0 = Release|Any CPU
		{8A956DE2-6D7B-413C-9864-F75AD9819E54}.Release|x64.ActiveCfg = Release|Any CPU
		{8A956DE2-6D7B-413C-9864-F75AD9819E54}.Release|x64.Build.0 = Release|Any CPU
		{8A956DE2-6D7B-413C-9864-F75AD9819E54}.Release|x86.ActiveCfg = Release|Any CPU
		{8A956DE2-6D7B-413C-9864-F75AD9819E54}.Release|x86.Build.0 = Release|Any CPU
		{61A90B10-7B58-4CA3-8E20-89946A005868}.Debug|Any CPU.ActiveCfg = Debug|Any CPU
		{61A90B10-7B58-4CA3-8E20-89946A005868}.Debug|Any CPU.Build.0 = Debug|Any CPU
		{61A90B10-7B58-4CA3-8E20-89946A005868}.Debug|x64.ActiveCfg = Debug|Any CPU
		{61A90B10-7B58-4CA3-8E20-89946A005868}.Debug|x64.Build.0 = Debug|Any CPU
		{61A90B10-7B58-4CA3-8E20-89946A005868}.Debug|x86.ActiveCfg = Debug|Any CPU
		{61A90B10-7B58-4CA3-8E20-89946A005868}.Debug|x86.Build.0 = Debug|Any CPU
		{61A90B10-7B58-4CA3-8E20-89946A005868}.Release|Any CPU.ActiveCfg = Release|Any CPU
		{61A90B10-7B58-4CA3-8E20-89946A005868}.Release|Any CPU.Build.0 = Release|Any CPU
		{61A90B10-7B58-4CA3-8E20-89946A005868}.Release|x64.ActiveCfg = Release|Any CPU
		{61A90B10-7B58-4CA3-8E20-89946A005868}.Release|x64.Build.0 = Release|Any CPU
		{61A90B10-7B58-4CA3-8E20-89946A005868}.Release|x86.ActiveCfg = Release|Any CPU
		{61A90B10-7B58-4CA3-8E20-89946A005868}.Release|x86.Build.0 = Release|Any CPU
		{D0FF7263-110E-4B17-930C-056269C752C0}.Debug|Any CPU.ActiveCfg = Debug|Any CPU
		{D0FF7263-110E-4B17-930C-056269C752C0}.Debug|Any CPU.Build.0 = Debug|Any CPU
		{D0FF7263-110E-4B17-930C-056269C752C0}.Debug|x64.ActiveCfg = Debug|Any CPU
		{D0FF7263-110E-4B17-930C-056269C752C0}.Debug|x64.Build.0 = Debug|Any CPU
		{D0FF7263-110E-4B17-930C-056269C752C0}.Debug|x86.ActiveCfg = Debug|Any CPU
		{D0FF7263-110E-4B17-930C-056269C752C0}.Debug|x86.Build.0 = Debug|Any CPU
		{D0FF7263-110E-4B17-930C-056269C752C0}.Release|Any CPU.ActiveCfg = Release|Any CPU
		{D0FF7263-110E-4B17-930C-056269C752C0}.Release|Any CPU.Build.0 = Release|Any CPU
		{D0FF7263-110E-4B17-930C-056269C752C0}.Release|x64.ActiveCfg = Release|Any CPU
		{D0FF7263-110E-4B17-930C-056269C752C0}.Release|x64.Build.0 = Release|Any CPU
		{D0FF7263-110E-4B17-930C-056269C752C0}.Release|x86.ActiveCfg = Release|Any CPU
		{D0FF7263-110E-4B17-930C-056269C752C0}.Release|x86.Build.0 = Release|Any CPU
		{E0257D3C-7473-459C-92E9-9296FE4CC0C9}.Debug|Any CPU.ActiveCfg = Debug|Any CPU
		{E0257D3C-7473-459C-92E9-9296FE4CC0C9}.Debug|Any CPU.Build.0 = Debug|Any CPU
		{E0257D3C-7473-459C-92E9-9296FE4CC0C9}.Debug|x64.ActiveCfg = Debug|Any CPU
		{E0257D3C-7473-459C-92E9-9296FE4CC0C9}.Debug|x64.Build.0 = Debug|Any CPU
		{E0257D3C-7473-459C-92E9-9296FE4CC0C9}.Debug|x86.ActiveCfg = Debug|Any CPU
		{E0257D3C-7473-459C-92E9-9296FE4CC0C9}.Debug|x86.Build.0 = Debug|Any CPU
		{E0257D3C-7473-459C-92E9-9296FE4CC0C9}.Release|Any CPU.ActiveCfg = Release|Any CPU
		{E0257D3C-7473-459C-92E9-9296FE4CC0C9}.Release|Any CPU.Build.0 = Release|Any CPU
		{E0257D3C-7473-459C-92E9-9296FE4CC0C9}.Release|x64.ActiveCfg = Release|Any CPU
		{E0257D3C-7473-459C-92E9-9296FE4CC0C9}.Release|x64.Build.0 = Release|Any CPU
		{E0257D3C-7473-459C-92E9-9296FE4CC0C9}.Release|x86.ActiveCfg = Release|Any CPU
		{E0257D3C-7473-459C-92E9-9296FE4CC0C9}.Release|x86.Build.0 = Release|Any CPU
	EndGlobalSection
	GlobalSection(SolutionProperties) = preSolution
		HideSolutionNode = FALSE
	EndGlobalSection
	GlobalSection(NestedProjects) = preSolution
		{61A90B10-7B58-4CA3-8E20-89946A005868} = {946C4E61-473A-429D-8B15-9A88F52774C7}
		{D0FF7263-110E-4B17-930C-056269C752C0} = {946C4E61-473A-429D-8B15-9A88F52774C7}
	EndGlobalSection
	GlobalSection(ExtensibilityGlobals) = postSolution
		SolutionGuid = {906E7126-C514-461D-8217-D6C91B9EE176}
	EndGlobalSection
EndGlobal
