
Microsoft Visual Studio Solution File, Format Version 12.00
# Visual Studio Version 17
VisualStudioVersion = 17.10.34928.147
MinimumVisualStudioVersion = 10.0.40219.1
Project("{2150E333-8FDC-42A3-9474-1A3956D46DE8}") = "External Apis", "External Apis", "{946C4E61-473A-429D-8B15-9A88F52774C7}"
EndProject
Project("{2150E333-8FDC-42A3-9474-1A3956D46DE8}") = "Core", "Core", "{2295203D-B108-4B8D-931F-C89D7D9FF2FE}"
EndProject
Project("{2150E333-8FDC-42A3-9474-1A3956D46DE8}") = "Presentation", "Presentation", "{5DF2DC51-6978-49B8-8A75-CC48BF5248C9}"
EndProject
Project("{FAE04EC0-301F-11D3-BF4B-00C04F79EFBC}") = "Shared", "Core\Shared\Shared.csproj", "{88AFD7A7-973D-4934-AB03-15D65D58DC04}"
EndProject
Project("{FAE04EC0-301F-11D3-BF4B-00C04F79EFBC}") = "Domain", "Core\Domain\Domain.csproj", "{78D8250B-A8FB-46B3-805C-AA11DCD32E9B}"
EndProject
Project("{FAE04EC0-301F-11D3-BF4B-00C04F79EFBC}") = "Database", "Core\Database\Database.csproj", "{6AE7B6F0-D3AE-4F85-BE23-B76C52ACAF71}"
EndProject
Project("{FAE04EC0-301F-11D3-BF4B-00C04F79EFBC}") = "Services", "Core\Services\Services.csproj", "{B758E6A2-9137-47BB-992B-7751A513343F}"
EndProject
Project("{FAE04EC0-301F-11D3-BF4B-00C04F79EFBC}") = "DailyCo", "External Apis\DailyCo\DailyCo.csproj", "{11042886-C1F0-4A7F-9143-1206988D7D60}"
EndProject
Project("{FAE04EC0-301F-11D3-BF4B-00C04F79EFBC}") = "ClickATell", "External Apis\ClickATell\ClickATell.csproj", "{CABA627F-0804-48C3-AE11-E8E358753222}"
EndProject
Project("{FAE04EC0-301F-11D3-BF4B-00C04F79EFBC}") = "SignalRServer", "Presentation\SignalRServer\SignalRServer.csproj", "{5D009B20-5816-45FF-8847-5642E4C1BC1A}"
EndProject
Project("{FAE04EC0-301F-11D3-BF4B-00C04F79EFBC}") = "Dexterity", "Presentation\Dexterity\Dexterity.csproj", "{AF24331E-AB05-4DCD-BE17-0D5115D0A823}"
EndProject
Global
	GlobalSection(SolutionConfigurationPlatforms) = preSolution
		Debug|Any CPU = Debug|Any CPU
		Debug|x64 = Debug|x64
		Debug|x86 = Debug|x86
		Release|Any CPU = Release|Any CPU
		Release|x64 = Release|x64
		Release|x86 = Release|x86
	EndGlobalSection
	GlobalSection(ProjectConfigurationPlatforms) = postSolution
		{88AFD7A7-973D-4934-AB03-15D65D58DC04}.Debug|Any CPU.ActiveCfg = Debug|Any CPU
		{88AFD7A7-973D-4934-AB03-15D65D58DC04}.Debug|Any CPU.Build.0 = Debug|Any CPU
		{88AFD7A7-973D-4934-AB03-15D65D58DC04}.Debug|x64.ActiveCfg = Debug|Any CPU
		{88AFD7A7-973D-4934-AB03-15D65D58DC04}.Debug|x64.Build.0 = Debug|Any CPU
		{88AFD7A7-973D-4934-AB03-15D65D58DC04}.Debug|x86.ActiveCfg = Debug|Any CPU
		{88AFD7A7-973D-4934-AB03-15D65D58DC04}.Debug|x86.Build.0 = Debug|Any CPU
		{88AFD7A7-973D-4934-AB03-15D65D58DC04}.Release|Any CPU.ActiveCfg = Release|Any CPU
		{88AFD7A7-973D-4934-AB03-15D65D58DC04}.Release|Any CPU.Build.0 = Release|Any CPU
		{88AFD7A7-973D-4934-AB03-15D65D58DC04}.Release|x64.ActiveCfg = Release|Any CPU
		{88AFD7A7-973D-4934-AB03-15D65D58DC04}.Release|x64.Build.0 = Release|Any CPU
		{88AFD7A7-973D-4934-AB03-15D65D58DC04}.Release|x86.ActiveCfg = Release|Any CPU
		{88AFD7A7-973D-4934-AB03-15D65D58DC04}.Release|x86.Build.0 = Release|Any CPU
		{78D8250B-A8FB-46B3-805C-AA11DCD32E9B}.Debug|Any CPU.ActiveCfg = Debug|Any CPU
		{78D8250B-A8FB-46B3-805C-AA11DCD32E9B}.Debug|Any CPU.Build.0 = Debug|Any CPU
		{78D8250B-A8FB-46B3-805C-AA11DCD32E9B}.Debug|x64.ActiveCfg = Debug|Any CPU
		{78D8250B-A8FB-46B3-805C-AA11DCD32E9B}.Debug|x64.Build.0 = Debug|Any CPU
		{78D8250B-A8FB-46B3-805C-AA11DCD32E9B}.Debug|x86.ActiveCfg = Debug|Any CPU
		{78D8250B-A8FB-46B3-805C-AA11DCD32E9B}.Debug|x86.Build.0 = Debug|Any CPU
		{78D8250B-A8FB-46B3-805C-AA11DCD32E9B}.Release|Any CPU.ActiveCfg = Release|Any CPU
		{78D8250B-A8FB-46B3-805C-AA11DCD32E9B}.Release|Any CPU.Build.0 = Release|Any CPU
		{78D8250B-A8FB-46B3-805C-AA11DCD32E9B}.Release|x64.ActiveCfg = Release|Any CPU
		{78D8250B-A8FB-46B3-805C-AA11DCD32E9B}.Release|x64.Build.0 = Release|Any CPU
		{78D8250B-A8FB-46B3-805C-AA11DCD32E9B}.Release|x86.ActiveCfg = Release|Any CPU
		{78D8250B-A8FB-46B3-805C-AA11DCD32E9B}.Release|x86.Build.0 = Release|Any CPU
		{6AE7B6F0-D3AE-4F85-BE23-B76C52ACAF71}.Debug|Any CPU.ActiveCfg = Debug|Any CPU
		{6AE7B6F0-D3AE-4F85-BE23-B76C52ACAF71}.Debug|Any CPU.Build.0 = Debug|Any CPU
		{6AE7B6F0-D3AE-4F85-BE23-B76C52ACAF71}.Debug|x64.ActiveCfg = Debug|Any CPU
		{6AE7B6F0-D3AE-4F85-BE23-B76C52ACAF71}.Debug|x64.Build.0 = Debug|Any CPU
		{6AE7B6F0-D3AE-4F85-BE23-B76C52ACAF71}.Debug|x86.ActiveCfg = Debug|Any CPU
		{6AE7B6F0-D3AE-4F85-BE23-B76C52ACAF71}.Debug|x86.Build.0 = Debug|Any CPU
		{6AE7B6F0-D3AE-4F85-BE23-B76C52ACAF71}.Release|Any CPU.ActiveCfg = Release|Any CPU
		{6AE7B6F0-D3AE-4F85-BE23-B76C52ACAF71}.Release|Any CPU.Build.0 = Release|Any CPU
		{6AE7B6F0-D3AE-4F85-BE23-B76C52ACAF71}.Release|x64.ActiveCfg = Release|Any CPU
		{6AE7B6F0-D3AE-4F85-BE23-B76C52ACAF71}.Release|x64.Build.0 = Release|Any CPU
		{6AE7B6F0-D3AE-4F85-BE23-B76C52ACAF71}.Release|x86.ActiveCfg = Release|Any CPU
		{6AE7B6F0-D3AE-4F85-BE23-B76C52ACAF71}.Release|x86.Build.0 = Release|Any CPU
		{B758E6A2-9137-47BB-992B-7751A513343F}.Debug|Any CPU.ActiveCfg = Debug|Any CPU
		{B758E6A2-9137-47BB-992B-7751A513343F}.Debug|Any CPU.Build.0 = Debug|Any CPU
		{B758E6A2-9137-47BB-992B-7751A513343F}.Debug|x64.ActiveCfg = Debug|Any CPU
		{B758E6A2-9137-47BB-992B-7751A513343F}.Debug|x64.Build.0 = Debug|Any CPU
		{B758E6A2-9137-47BB-992B-7751A513343F}.Debug|x86.ActiveCfg = Debug|Any CPU
		{B758E6A2-9137-47BB-992B-7751A513343F}.Debug|x86.Build.0 = Debug|Any CPU
		{B758E6A2-9137-47BB-992B-7751A513343F}.Release|Any CPU.ActiveCfg = Release|Any CPU
		{B758E6A2-9137-47BB-992B-7751A513343F}.Release|Any CPU.Build.0 = Release|Any CPU
		{B758E6A2-9137-47BB-992B-7751A513343F}.Release|x64.ActiveCfg = Release|Any CPU
		{B758E6A2-9137-47BB-992B-7751A513343F}.Release|x64.Build.0 = Release|Any CPU
		{B758E6A2-9137-47BB-992B-7751A513343F}.Release|x86.ActiveCfg = Release|Any CPU
		{B758E6A2-9137-47BB-992B-7751A513343F}.Release|x86.Build.0 = Release|Any CPU
		{11042886-C1F0-4A7F-9143-1206988D7D60}.Debug|Any CPU.ActiveCfg = Debug|Any CPU
		{11042886-C1F0-4A7F-9143-1206988D7D60}.Debug|Any CPU.Build.0 = Debug|Any CPU
		{11042886-C1F0-4A7F-9143-1206988D7D60}.Debug|x64.ActiveCfg = Debug|Any CPU
		{11042886-C1F0-4A7F-9143-1206988D7D60}.Debug|x64.Build.0 = Debug|Any CPU
		{11042886-C1F0-4A7F-9143-1206988D7D60}.Debug|x86.ActiveCfg = Debug|Any CPU
		{11042886-C1F0-4A7F-9143-1206988D7D60}.Debug|x86.Build.0 = Debug|Any CPU
		{11042886-C1F0-4A7F-9143-1206988D7D60}.Release|Any CPU.ActiveCfg = Release|Any CPU
		{11042886-C1F0-4A7F-9143-1206988D7D60}.Release|Any CPU.Build.0 = Release|Any CPU
		{11042886-C1F0-4A7F-9143-1206988D7D60}.Release|x64.ActiveCfg = Release|Any CPU
		{11042886-C1F0-4A7F-9143-1206988D7D60}.Release|x64.Build.0 = Release|Any CPU
		{11042886-C1F0-4A7F-9143-1206988D7D60}.Release|x86.ActiveCfg = Release|Any CPU
		{11042886-C1F0-4A7F-9143-1206988D7D60}.Release|x86.Build.0 = Release|Any CPU
		{CABA627F-0804-48C3-AE11-E8E358753222}.Debug|Any CPU.ActiveCfg = Debug|Any CPU
		{CABA627F-0804-48C3-AE11-E8E358753222}.Debug|Any CPU.Build.0 = Debug|Any CPU
		{CABA627F-0804-48C3-AE11-E8E358753222}.Debug|x64.ActiveCfg = Debug|Any CPU
		{CABA627F-0804-48C3-AE11-E8E358753222}.Debug|x64.Build.0 = Debug|Any CPU
		{CABA627F-0804-48C3-AE11-E8E358753222}.Debug|x86.ActiveCfg = Debug|Any CPU
		{CABA627F-0804-48C3-AE11-E8E358753222}.Debug|x86.Build.0 = Debug|Any CPU
		{CABA627F-0804-48C3-AE11-E8E358753222}.Release|Any CPU.ActiveCfg = Release|Any CPU
		{CABA627F-0804-48C3-AE11-E8E358753222}.Release|Any CPU.Build.0 = Release|Any CPU
		{CABA627F-0804-48C3-AE11-E8E358753222}.Release|x64.ActiveCfg = Release|Any CPU
		{CABA627F-0804-48C3-AE11-E8E358753222}.Release|x64.Build.0 = Release|Any CPU
		{CABA627F-0804-48C3-AE11-E8E358753222}.Release|x86.ActiveCfg = Release|Any CPU
		{CABA627F-0804-48C3-AE11-E8E358753222}.Release|x86.Build.0 = Release|Any CPU
		{5D009B20-5816-45FF-8847-5642E4C1BC1A}.Debug|Any CPU.ActiveCfg = Debug|Any CPU
		{5D009B20-5816-45FF-8847-5642E4C1BC1A}.Debug|Any CPU.Build.0 = Debug|Any CPU
		{5D009B20-5816-45FF-8847-5642E4C1BC1A}.Debug|x64.ActiveCfg = Debug|Any CPU
		{5D009B20-5816-45FF-8847-5642E4C1BC1A}.Debug|x64.Build.0 = Debug|Any CPU
		{5D009B20-5816-45FF-8847-5642E4C1BC1A}.Debug|x86.ActiveCfg = Debug|Any CPU
		{5D009B20-5816-45FF-8847-5642E4C1BC1A}.Debug|x86.Build.0 = Debug|Any CPU
		{5D009B20-5816-45FF-8847-5642E4C1BC1A}.Release|Any CPU.ActiveCfg = Release|Any CPU
		{5D009B20-5816-45FF-8847-5642E4C1BC1A}.Release|Any CPU.Build.0 = Release|Any CPU
		{5D009B20-5816-45FF-8847-5642E4C1BC1A}.Release|x64.ActiveCfg = Release|Any CPU
		{5D009B20-5816-45FF-8847-5642E4C1BC1A}.Release|x64.Build.0 = Release|Any CPU
		{5D009B20-5816-45FF-8847-5642E4C1BC1A}.Release|x86.ActiveCfg = Release|Any CPU
		{5D009B20-5816-45FF-8847-5642E4C1BC1A}.Release|x86.Build.0 = Release|Any CPU
		{AF24331E-AB05-4DCD-BE17-0D5115D0A823}.Debug|Any CPU.ActiveCfg = Debug|Any CPU
		{AF24331E-AB05-4DCD-BE17-0D5115D0A823}.Debug|Any CPU.Build.0 = Debug|Any CPU
		{AF24331E-AB05-4DCD-BE17-0D5115D0A823}.Debug|Any CPU.Deploy.0 = Debug|Any CPU
		{AF24331E-AB05-4DCD-BE17-0D5115D0A823}.Debug|x64.ActiveCfg = Debug|x64
		{AF24331E-AB05-4DCD-BE17-0D5115D0A823}.Debug|x64.Build.0 = Debug|x64
		{AF24331E-AB05-4DCD-BE17-0D5115D0A823}.Debug|x86.ActiveCfg = Debug|Any CPU
		{AF24331E-AB05-4DCD-BE17-0D5115D0A823}.Debug|x86.Build.0 = Debug|Any CPU
		{AF24331E-AB05-4DCD-BE17-0D5115D0A823}.Release|Any CPU.ActiveCfg = Release|Any CPU
		{AF24331E-AB05-4DCD-BE17-0D5115D0A823}.Release|Any CPU.Build.0 = Release|Any CPU
		{AF24331E-AB05-4DCD-BE17-0D5115D0A823}.Release|x64.ActiveCfg = Release|x64
		{AF24331E-AB05-4DCD-BE17-0D5115D0A823}.Release|x64.Build.0 = Release|x64
		{AF24331E-AB05-4DCD-BE17-0D5115D0A823}.Release|x86.ActiveCfg = Release|Any CPU
		{AF24331E-AB05-4DCD-BE17-0D5115D0A823}.Release|x86.Build.0 = Release|Any CPU
	EndGlobalSection
	GlobalSection(SolutionProperties) = preSolution
		HideSolutionNode = FALSE
	EndGlobalSection
	GlobalSection(NestedProjects) = preSolution
		{88AFD7A7-973D-4934-AB03-15D65D58DC04} = {2295203D-B108-4B8D-931F-C89D7D9FF2FE}
		{78D8250B-A8FB-46B3-805C-AA11DCD32E9B} = {2295203D-B108-4B8D-931F-C89D7D9FF2FE}
		{6AE7B6F0-D3AE-4F85-BE23-B76C52ACAF71} = {2295203D-B108-4B8D-931F-C89D7D9FF2FE}
		{B758E6A2-9137-47BB-992B-7751A513343F} = {2295203D-B108-4B8D-931F-C89D7D9FF2FE}
		{11042886-C1F0-4A7F-9143-1206988D7D60} = {946C4E61-473A-429D-8B15-9A88F52774C7}
		{CABA627F-0804-48C3-AE11-E8E358753222} = {946C4E61-473A-429D-8B15-9A88F52774C7}
		{5D009B20-5816-45FF-8847-5642E4C1BC1A} = {5DF2DC51-6978-49B8-8A75-CC48BF5248C9}
		{AF24331E-AB05-4DCD-BE17-0D5115D0A823} = {5DF2DC51-6978-49B8-8A75-CC48BF5248C9}
	EndGlobalSection
	GlobalSection(ExtensibilityGlobals) = postSolution
		SolutionGuid = {906E7126-C514-461D-8217-D6C91B9EE176}
	EndGlobalSection
EndGlobal
